// !$*UTF8*$!
{
	archiveVersion = 1;
	classes = {
	};
	objectVersion = 46;
	objects = {

/* Begin PBXBuildFile section */
		180EF78D75F9095E0D0F62BE /* Cocoa.framework in Frameworks */ = {isa = PBXBuildFile; fileRef = 02FEB36CF3FAF93FE2BE5045 /* Cocoa.framework */; };
		572FE8FBEACDCB85F85E6E77 /* DesktopEnvironmentManager.swift in Sources */ = {isa = PBXBuildFile; fileRef = C5FB1C94EEC633E3A0A744B3 /* DesktopEnvironmentManager.swift */; };
		5E7D8EBEF631C545DC09CCBB /* EnvironmentMonitor.swift in Sources */ = {isa = PBXBuildFile; fileRef = EA928CADB2907659845B7C2A /* EnvironmentMonitor.swift */; };
		ACF94AC5E396A45FB523ECCE /* DesktopPetApp.swift in Sources */ = {isa = PBXBuildFile; fileRef = A06C6CC9513739A905C0C8B0 /* DesktopPetApp.swift */; };
		B4F327B2915F5873CB9FEBC5 /* PetScene.swift in Sources */ = {isa = PBXBuildFile; fileRef = 3C61EE1C2AE9A4E926EF82B3 /* PetScene.swift */; };
		D203CC601EF9B5F169222927 /* AppDelegate.swift in Sources */ = {isa = PBXBuildFile; fileRef = A368A906A5E8D62656D782D3 /* AppDelegate.swift */; };
		F2C2274652CAEEDD57EDE87E /* PetBrain.swift in Sources */ = {isa = PBXBuildFile; fileRef = 2C32FD74F7F26EA29AC43DC6 /* PetBrain.swift */; };
/* End PBXBuildFile section */

/* Begin PBXFileReference section */
		02FEB36CF3FAF93FE2BE5045 /* Cocoa.framework */ = {isa = PBXFileReference; lastKnownFileType = wrapper.framework; name = Cocoa.framework; path = Platforms/MacOSX.platform/Developer/SDKs/MacOSX15.0.sdk/System/Library/Frameworks/Cocoa.framework; sourceTree = DEVELOPER_DIR; };
		2C32FD74F7F26EA29AC43DC6 /* PetBrain.swift */ = {isa = PBXFileReference; includeInIndex = 1; lastKnownFileType = sourcecode.swift; path = PetBrain.swift; sourceTree = "<group>"; };
		3C61EE1C2AE9A4E926EF82B3 /* PetScene.swift */ = {isa = PBXFileReference; includeInIndex = 1; lastKnownFileType = sourcecode.swift; path = PetScene.swift; sourceTree = "<group>"; };
		443ECB8939527632CB19A8FC /* Info.plist */ = {isa = PBXFileReference; includeInIndex = 1; lastKnownFileType = text.plist.xml; path = Info.plist; sourceTree = "<group>"; };
		6FD8E92F98DAFF85FAD024B1 /* DesktopPet.app */ = {isa = PBXFileReference; explicitFileType = wrapper.application; includeInIndex = 0; path = DesktopPet.app; sourceTree = BUILT_PRODUCTS_DIR; };
		A06C6CC9513739A905C0C8B0 /* DesktopPetApp.swift */ = {isa = PBXFileReference; includeInIndex = 1; lastKnownFileType = sourcecode.swift; path = DesktopPetApp.swift; sourceTree = "<group>"; };
		A368A906A5E8D62656D782D3 /* AppDelegate.swift */ = {isa = PBXFileReference; includeInIndex = 1; lastKnownFileType = sourcecode.swift; path = AppDelegate.swift; sourceTree = "<group>"; };
		C5FB1C94EEC633E3A0A744B3 /* DesktopEnvironmentManager.swift */ = {isa = PBXFileReference; includeInIndex = 1; lastKnownFileType = sourcecode.swift; path = DesktopEnvironmentManager.swift; sourceTree = "<group>"; };
		EA928CADB2907659845B7C2A /* EnvironmentMonitor.swift */ = {isa = PBXFileReference; includeInIndex = 1; lastKnownFileType = sourcecode.swift; path = EnvironmentMonitor.swift; sourceTree = "<group>"; };
/* End PBXFileReference section */

/* Begin PBXFrameworksBuildPhase section */
		EE313384A46F0D57BC82130F /* Frameworks */ = {
			isa = PBXFrameworksBuildPhase;
			buildActionMask = 2147483647;
			files = (
				180EF78D75F9095E0D0F62BE /* Cocoa.framework in Frameworks */,
			);
			runOnlyForDeploymentPostprocessing = 0;
		};
/* End PBXFrameworksBuildPhase section */

/* Begin PBXGroup section */
		2AE0687A4DA30F78E37DC4A6 = {
			isa = PBXGroup;
			children = (
				BB6109A0D2017D7281A2C961 /* Products */,
				413632DFFB5A30C6D21BB89E /* Frameworks */,
				68FD126F7D719DE9F21E9853 /* DesktopPet */,
			);
			sourceTree = "<group>";
		};
		4127EFF99284EDE775D17493 /* OS X */ = {
			isa = PBXGroup;
			children = (
				02FEB36CF3FAF93FE2BE5045 /* Cocoa.framework */,
			);
			name = "OS X";
			sourceTree = "<group>";
		};
		413632DFFB5A30C6D21BB89E /* Frameworks */ = {
			isa = PBXGroup;
			children = (
				4127EFF99284EDE775D17493 /* OS X */,
			);
			name = Frameworks;
			sourceTree = "<group>";
		};
		68FD126F7D719DE9F21E9853 /* DesktopPet */ = {
			isa = PBXGroup;
			children = (
				443ECB8939527632CB19A8FC /* Info.plist */,
				3C61EE1C2AE9A4E926EF82B3 /* PetScene.swift */,
				C5FB1C94EEC633E3A0A744B3 /* DesktopEnvironmentManager.swift */,
				A368A906A5E8D62656D782D3 /* AppDelegate.swift */,
				A06C6CC9513739A905C0C8B0 /* DesktopPetApp.swift */,
				EA928CADB2907659845B7C2A /* EnvironmentMonitor.swift */,
				2C32FD74F7F26EA29AC43DC6 /* PetBrain.swift */,
			);
			name = DesktopPet;
			path = DesktopPet;
			sourceTree = "<group>";
		};
		BB6109A0D2017D7281A2C961 /* Products */ = {
			isa = PBXGroup;
			children = (
				6FD8E92F98DAFF85FAD024B1 /* DesktopPet.app */,
			);
			name = Products;
			sourceTree = "<group>";
		};
/* End PBXGroup section */

/* Begin PBXNativeTarget section */
		BB7EC679F3BDDF180B486449 /* DesktopPet */ = {
			isa = PBXNativeTarget;
			buildConfigurationList = 14D119A2139D954DDA6BDC98 /* Build configuration list for PBXNativeTarget "DesktopPet" */;
			buildPhases = (
				CEFF2A3C26633F23FF7C5928 /* Sources */,
				EE313384A46F0D57BC82130F /* Frameworks */,
				02821CB0D12DECA6F8B587A7 /* Resources */,
			);
			buildRules = (
			);
			dependencies = (
			);
			name = DesktopPet;
			productName = DesktopPet;
			productReference = 6FD8E92F98DAFF85FAD024B1 /* DesktopPet.app */;
			productType = "com.apple.product-type.application";
		};
/* End PBXNativeTarget section */

/* Begin PBXProject section */
		F2DF0BD5942EBB65904FD059 /* Project object */ = {
			isa = PBXProject;
			attributes = {
				LastSwiftUpdateCheck = 1600;
				LastUpgradeCheck = 1600;
			};
			buildConfigurationList = 9A5E6C9D7876711A6882B704 /* Build configuration list for PBXProject "DesktopPet" */;
			compatibilityVersion = "Xcode 3.2";
			developmentRegion = en;
			hasScannedForEncodings = 0;
			knownRegions = (
				en,
				Base,
			);
			mainGroup = 2AE0687A4DA30F78E37DC4A6;
			minimizedProjectReferenceProxies = 0;
			preferredProjectObjectVersion = 77;
			productRefGroup = BB6109A0D2017D7281A2C961 /* Products */;
			projectDirPath = "";
			projectRoot = "";
			targets = (
				BB7EC679F3BDDF180B486449 /* DesktopPet */,
			);
		};
/* End PBXProject section */

/* Begin PBXResourcesBuildPhase section */
		02821CB0D12DECA6F8B587A7 /* Resources */ = {
			isa = PBXResourcesBuildPhase;
			buildActionMask = 2147483647;
			files = (
			);
			runOnlyForDeploymentPostprocessing = 0;
		};
/* End PBXResourcesBuildPhase section */

/* Begin PBXSourcesBuildPhase section */
		CEFF2A3C26633F23FF7C5928 /* Sources */ = {
			isa = PBXSourcesBuildPhase;
			buildActionMask = 2147483647;
			files = (
				B4F327B2915F5873CB9FEBC5 /* PetScene.swift in Sources */,
				572FE8FBEACDCB85F85E6E77 /* DesktopEnvironmentManager.swift in Sources */,
				D203CC601EF9B5F169222927 /* AppDelegate.swift in Sources */,
				ACF94AC5E396A45FB523ECCE /* DesktopPetApp.swift in Sources */,
				5E7D8EBEF631C545DC09CCBB /* EnvironmentMonitor.swift in Sources */,
				F2C2274652CAEEDD57EDE87E /* PetBrain.swift in Sources */,
			);
			runOnlyForDeploymentPostprocessing = 0;
		};
/* End PBXSourcesBuildPhase section */

/* Begin XCBuildConfiguration section */
		CA3E8BA8D484B6D4E574B18F /* Release */ = {
			isa = XCBuildConfiguration;
			buildSettings = {
				ALWAYS_SEARCH_USER_PATHS = NO;
				CLANG_ANALYZER_NONNULL = YES;
				CLANG_ANALYZER_NUMBER_OBJECT_CONVERSION = YES_AGGRESSIVE;
				CLANG_CXX_LANGUAGE_STANDARD = "gnu++14";
				CLANG_CXX_LIBRARY = "libc++";
				CLANG_ENABLE_MODULES = YES;
				CLANG_ENABLE_OBJC_ARC = YES;
				CLANG_ENABLE_OBJC_WEAK = YES;
				CLANG_WARN_BLOCK_CAPTURE_AUTORELEASING = YES;
				CLANG_WARN_BOOL_CONVERSION = YES;
				CLANG_WARN_COMMA = YES;
				CLANG_WARN_CONSTANT_CONVERSION = YES;
				CLANG_WARN_DEPRECATED_OBJC_IMPLEMENTATIONS = YES;
				CLANG_WARN_DIRECT_OBJC_ISA_USAGE = YES_ERROR;
				CLANG_WARN_DOCUMENTATION_COMMENTS = YES;
				CLANG_WARN_EMPTY_BODY = YES;
				CLANG_WARN_ENUM_CONVERSION = YES;
				CLANG_WARN_INFINITE_RECURSION = YES;
				CLANG_WARN_INT_CONVERSION = YES;
				CLANG_WARN_NON_LITERAL_NULL_CONVERSION = YES;
				CLANG_WARN_OBJC_IMPLICIT_RETAIN_SELF = YES;
				CLANG_WARN_OBJC_LITERAL_CONVERSION = YES;
				CLANG_WARN_OBJC_ROOT_CLASS = YES_ERROR;
				CLANG_WARN_QUOTED_INCLUDE_IN_FRAMEWORK_HEADER = YES;
				CLANG_WARN_RANGE_LOOP_ANALYSIS = YES;
				CLANG_WARN_STRICT_PROTOTYPES = YES;
				CLANG_WARN_SUSPICIOUS_MOVE = YES;
				CLANG_WARN_UNGUARDED_AVAILABILITY = YES_AGGRESSIVE;
				CLANG_WARN_UNREACHABLE_CODE = YES;
				CLANG_WARN__DUPLICATE_METHOD_MATCH = YES;
				COPY_PHASE_STRIP = NO;
				DEBUG_INFORMATION_FORMAT = "dwarf-with-dsym";
				ENABLE_NS_ASSERTIONS = NO;
				ENABLE_STRICT_OBJC_MSGSEND = YES;
				GCC_C_LANGUAGE_STANDARD = gnu11;
				GCC_NO_COMMON_BLOCKS = YES;
				GCC_WARN_64_TO_32_BIT_CONVERSION = YES;
				GCC_WARN_ABOUT_RETURN_TYPE = YES_ERROR;
				GCC_WARN_UNDECLARED_SELECTOR = YES;
				GCC_WARN_UNINITIALIZED_AUTOS = YES_AGGRESSIVE;
				GCC_WARN_UNUSED_FUNCTION = YES;
				GCC_WARN_UNUSED_VARIABLE = YES;
				MTL_ENABLE_DEBUG_INFO = NO;
				MTL_FAST_MATH = YES;
				PRODUCT_NAME = "$(TARGET_NAME)";
				SWIFT_COMPILATION_MODE = wholemodule;
				SWIFT_OPTIMIZATION_LEVEL = "-O";
				SWIFT_VERSION = 5.0;
			};
			name = Release;
		};
		D0DFB0FE0D8E94E2CD80BAE4 /* Release */ = {
			isa = XCBuildConfiguration;
			buildSettings = {
				ASSETCATALOG_COMPILER_APPICON_NAME = AppIcon;
				ASSETCATALOG_COMPILER_GLOBAL_ACCENT_COLOR_NAME = AccentColor;
				COMBINE_HIDPI_IMAGES = YES;
				INFOPLIST_FILE = DesktopPet/Info.plist;
				LD_RUNPATH_SEARCH_PATHS = "$(inherited) @executable_path/../Frameworks";
				MACOSX_DEPLOYMENT_TARGET = 14.0;
				PRODUCT_BUNDLE_IDENTIFIER = com.example.DesktopPet;
				SDKROOT = macosx;
				SWIFT_VERSION = 5.0;
			};
			name = Release;
		};
		E312933C2F228B3640D08781 /* Debug */ = {
			isa = XCBuildConfiguration;
			buildSettings = {
				ASSETCATALOG_COMPILER_APPICON_NAME = AppIcon;
				ASSETCATALOG_COMPILER_GLOBAL_ACCENT_COLOR_NAME = AccentColor;
				COMBINE_HIDPI_IMAGES = YES;
				INFOPLIST_FILE = DesktopPet/Info.plist;
				LD_RUNPATH_SEARCH_PATHS = "$(inherited) @executable_path/../Frameworks";
				MACOSX_DEPLOYMENT_TARGET = 14.0;
				PRODUCT_BUNDLE_IDENTIFIER = com.example.DesktopPet;
				SDKROOT = macosx;
				SWIFT_VERSION = 5.0;
			};
			name = Debug;
		};
		F8A61CA3290BF622242E5AFE /* Debug */ = {
			isa = XCBuildConfiguration;
			buildSettings = {
				ALWAYS_SEARCH_USER_PATHS = NO;
				CLANG_ANALYZER_NONNULL = YES;
				CLANG_ANALYZER_NUMBER_OBJECT_CONVERSION = YES_AGGRESSIVE;
				CLANG_CXX_LANGUAGE_STANDARD = "gnu++14";
				CLANG_CXX_LIBRARY = "libc++";
				CLANG_ENABLE_MODULES = YES;
				CLANG_ENABLE_OBJC_ARC = YES;
				CLANG_ENABLE_OBJC_WEAK = YES;
				CLANG_WARN_BLOCK_CAPTURE_AUTORELEASING = YES;
				CLANG_WARN_BOOL_CONVERSION = YES;
				CLANG_WARN_COMMA = YES;
				CLANG_WARN_CONSTANT_CONVERSION = YES;
				CLANG_WARN_DEPRECATED_OBJC_IMPLEMENTATIONS = YES;
				CLANG_WARN_DIRECT_OBJC_ISA_USAGE = YES_ERROR;
				CLANG_WARN_DOCUMENTATION_COMMENTS = YES;
				CLANG_WARN_EMPTY_BODY = YES;
				CLANG_WARN_ENUM_CONVERSION = YES;
				CLANG_WARN_INFINITE_RECURSION = YES;
				CLANG_WARN_INT_CONVERSION = YES;
				CLANG_WARN_NON_LITERAL_NULL_CONVERSION = YES;
				CLANG_WARN_OBJC_IMPLICIT_RETAIN_SELF = YES;
				CLANG_WARN_OBJC_LITERAL_CONVERSION = YES;
				CLANG_WARN_OBJC_ROOT_CLASS = YES_ERROR;
				CLANG_WARN_QUOTED_INCLUDE_IN_FRAMEWORK_HEADER = YES;
				CLANG_WARN_RANGE_LOOP_ANALYSIS = YES;
				CLANG_WARN_STRICT_PROTOTYPES = YES;
				CLANG_WARN_SUSPICIOUS_MOVE = YES;
				CLANG_WARN_UNGUARDED_AVAILABILITY = YES_AGGRESSIVE;
				CLANG_WARN_UNREACHABLE_CODE = YES;
				CLANG_WARN__DUPLICATE_METHOD_MATCH = YES;
				COPY_PHASE_STRIP = NO;
				DEBUG_INFORMATION_FORMAT = dwarf;
				ENABLE_STRICT_OBJC_MSGSEND = YES;
				ENABLE_TESTABILITY = YES;
				GCC_C_LANGUAGE_STANDARD = gnu11;
				GCC_DYNAMIC_NO_PIC = NO;
				GCC_NO_COMMON_BLOCKS = YES;
				GCC_OPTIMIZATION_LEVEL = 0;
				GCC_PREPROCESSOR_DEFINITIONS = (
					"DEBUG=1",
					"$(inherited)",
				);
				GCC_WARN_64_TO_32_BIT_CONVERSION = YES;
				GCC_WARN_ABOUT_RETURN_TYPE = YES_ERROR;
				GCC_WARN_UNDECLARED_SELECTOR = YES;
				GCC_WARN_UNINITIALIZED_AUTOS = YES_AGGRESSIVE;
				GCC_WARN_UNUSED_FUNCTION = YES;
				GCC_WARN_UNUSED_VARIABLE = YES;
				MTL_ENABLE_DEBUG_INFO = INCLUDE_SOURCE;
				MTL_FAST_MATH = YES;
				ONLY_ACTIVE_ARCH = YES;
				PRODUCT_NAME = "$(TARGET_NAME)";
				SWIFT_ACTIVE_COMPILATION_CONDITIONS = DEBUG;
				SWIFT_OPTIMIZATION_LEVEL = "-Onone";
				SWIFT_VERSION = 5.0;
			};
			name = Debug;
		};
/* End XCBuildConfiguration section */

/* Begin XCConfigurationList section */
		14D119A2139D954DDA6BDC98 /* Build configuration list for PBXNativeTarget "DesktopPet" */ = {
			isa = XCConfigurationList;
			buildConfigurations = (
				D0DFB0FE0D8E94E2CD80BAE4 /* Release */,
				E312933C2F228B3640D08781 /* Debug */,
			);
			defaultConfigurationIsVisible = 0;
			defaultConfigurationName = Release;
		};
		9A5E6C9D7876711A6882B704 /* Build configuration list for PBXProject "DesktopPet" */ = {
			isa = XCConfigurationList;
			buildConfigurations = (
				F8A61CA3290BF622242E5AFE /* Debug */,
				CA3E8BA8D484B6D4E574B18F /* Release */,
			);
			defaultConfigurationIsVisible = 0;
			defaultConfigurationName = Release;
		};
/* End XCConfigurationList section */
	};
	rootObject = F2DF0BD5942EBB65904FD059 /* Project object */;
}
